
Microsoft Visual Studio Solution File, Format Version 12.00
# Visual Studio Version 16
VisualStudioVersion = 16.0.31515.178
MinimumVisualStudioVersion = 10.0.40219.1
Project("{FAE04EC0-301F-11D3-BF4B-00C04F79EFBC}") = "FlowPanel", "FlowPanel\FlowPanel.csproj", "{6BC0C86C-FF42-4884-A5C6-B06446BE85D6}"
EndProject
Project("{FAE04EC0-301F-11D3-BF4B-00C04F79EFBC}") = "PanelApi", "PanelApi\PanelApi.csproj", "{0EF5A189-4AD5-472A-A5C6-C898D184CCB1}"
EndProject
Project("{FAE04EC0-301F-11D3-BF4B-00C04F79EFBC}") = "FlowPanelApp", "FlowPanelApp\FlowPanelApp.csproj", "{3FCE3850-AB25-42F4-8D83-EF60947BCEDF}"
EndProject
Global
	GlobalSection(SolutionConfigurationPlatforms) = preSolution
		Debug|Any CPU = Debug|Any CPU
		Release|Any CPU = Release|Any CPU
	EndGlobalSection
	GlobalSection(ProjectConfigurationPlatforms) = postSolution
		{6BC0C86C-FF42-4884-A5C6-B06446BE85D6}.Debug|Any CPU.ActiveCfg = Debug|Any CPU
		{6BC0C86C-FF42-4884-A5C6-B06446BE85D6}.Debug|Any CPU.Build.0 = Debug|Any CPU
		{6BC0C86C-FF42-4884-A5C6-B06446BE85D6}.Release|Any CPU.ActiveCfg = Release|Any CPU
		{6BC0C86C-FF42-4884-A5C6-B06446BE85D6}.Release|Any CPU.Build.0 = Release|Any CPU
		{0EF5A189-4AD5-472A-A5C6-C898D184CCB1}.Debug|Any CPU.ActiveCfg = Debug|Any CPU
		{0EF5A189-4AD5-472A-A5C6-C898D184CCB1}.Debug|Any CPU.Build.0 = Debug|Any CPU
		{0EF5A189-4AD5-472A-A5C6-C898D184CCB1}.Release|Any CPU.ActiveCfg = Release|Any CPU
		{0EF5A189-4AD5-472A-A5C6-C898D184CCB1}.Release|Any CPU.Build.0 = Release|Any CPU
		{3FCE3850-AB25-42F4-8D83-EF60947BCEDF}.Debug|Any CPU.ActiveCfg = Debug|Any CPU
		{3FCE3850-AB25-42F4-8D83-EF60947BCEDF}.Debug|Any CPU.Build.0 = Debug|Any CPU
		{3FCE3850-AB25-42F4-8D83-EF60947BCEDF}.Release|Any CPU.ActiveCfg = Release|Any CPU
		{3FCE3850-AB25-42F4-8D83-EF60947BCEDF}.Release|Any CPU.Build.0 = Release|Any CPU
	EndGlobalSection
	GlobalSection(SolutionProperties) = preSolution
		HideSolutionNode = FALSE
	EndGlobalSection
	GlobalSection(ExtensibilityGlobals) = postSolution
		SolutionGuid = {A2EFE515-214A-48EF-94D5-91B16EC53C02}
	EndGlobalSection
EndGlobal
